
Microsoft Visual Studio Solution File, Format Version 12.00
# Visual Studio Version 17
VisualStudioVersion = 17.3.32804.467
MinimumVisualStudioVersion = 10.0.40219.1
Project("{F184B08F-C81C-45F6-A57F-5ABD9991F28F}") = "FractionsOfADay", "FractionsOfADay.vbproj", "{C0917C59-0EC0-4C90-BF47-184E91DAA799}"
EndProject
Global
	GlobalSection(SolutionConfigurationPlatforms) = preSolution
		Debug|Any CPU = Debug|Any CPU
		Release|Any CPU = Release|Any CPU
	EndGlobalSection
	GlobalSection(ProjectConfigurationPlatforms) = postSolution
		{C0917C59-0EC0-4C90-BF47-184E91DAA799}.Debug|Any CPU.ActiveCfg = Debug|Any CPU
		{C0917C59-0EC0-4C90-BF47-184E91DAA799}.Debug|Any CPU.Build.0 = Debug|Any CPU
		{C0917C59-0EC0-4C90-BF47-184E91DAA799}.Release|Any CPU.ActiveCfg = Release|Any CPU
		{C0917C59-0EC0-4C90-BF47-184E91DAA799}.Release|Any CPU.Build.0 = Release|Any CPU
	EndGlobalSection
	GlobalSection(SolutionProperties) = preSolution
		HideSolutionNode = FALSE
	EndGlobalSection
	GlobalSection(ExtensibilityGlobals) = postSolution
		SolutionGuid = {4746AA92-5FEF-47F7-B552-AE42A085B14C}
	EndGlobalSection
EndGlobal
